
Microsoft Visual Studio Solution File, Format Version 12.00
# Visual Studio Version 16
VisualStudioVersion = 16.0.34114.132
MinimumVisualStudioVersion = 10.0.40219.1
Project("{FAE04EC0-301F-11D3-BF4B-00C04F79EFBC}") = "Delegates", "Delegates\Delegates.csproj", "{956728E9-C7D9-4975-8B3B-3B760294F7E4}"
EndProject
Global
	GlobalSection(SolutionConfigurationPlatforms) = preSolution
		Debug|Any CPU = Debug|Any CPU
		Release|Any CPU = Release|Any CPU
	EndGlobalSection
	GlobalSection(ProjectConfigurationPlatforms) = postSolution
		{956728E9-C7D9-4975-8B3B-3B760294F7E4}.Debug|Any CPU.ActiveCfg = Debug|Any CPU
		{956728E9-C7D9-4975-8B3B-3B760294F7E4}.Debug|Any CPU.Build.0 = Debug|Any CPU
		{956728E9-C7D9-4975-8B3B-3B760294F7E4}.Release|Any CPU.ActiveCfg = Release|Any CPU
		{956728E9-C7D9-4975-8B3B-3B760294F7E4}.Release|Any CPU.Build.0 = Release|Any CPU
	EndGlobalSection
	GlobalSection(SolutionProperties) = preSolution
		HideSolutionNode = FALSE
	EndGlobalSection
	GlobalSection(ExtensibilityGlobals) = postSolution
		SolutionGuid = {BF3AB332-00AE-4DB9-B88C-9C0C8FA3EC8F}
	EndGlobalSection
EndGlobal
